
Microsoft Visual Studio Solution File, Format Version 12.00
# Visual Studio Version 17
VisualStudioVersion = 17.9.34714.143
MinimumVisualStudioVersion = 10.0.40219.1
Project("{9A19103F-16F7-4668-BE54-9A1E7A4F7556}") = "MarketingCRM", "MarketingCRM\MarketingCRM.csproj", "{0A60BE1A-A0B5-4CCA-AA27-961A1583BE9F}"
EndProject
Project("{9A19103F-16F7-4668-BE54-9A1E7A4F7556}") = "Domain", "Domain\Domain.csproj", "{60A2D6A6-C6DC-4522-B1F2-8B4AF3DCBA1B}"
EndProject
Project("{9A19103F-16F7-4668-BE54-9A1E7A4F7556}") = "Application", "Application\Application.csproj", "{EB7B3F96-4566-4FF8-BCA3-C6006121160C}"
EndProject
Project("{9A19103F-16F7-4668-BE54-9A1E7A4F7556}") = "Infrastructure", "Infrastructure\Infrastructure.csproj", "{FD7634AD-126E-45E0-A4B7-DCA1C428B70D}"
EndProject
Project("{FAE04EC0-301F-11D3-BF4B-00C04F79EFBC}") = "TestProject1", "TestProject1\TestProject1.csproj", "{A733B6CC-0119-42A1-B5A7-95C5E168CCB7}"
EndProject
Global
	GlobalSection(SolutionConfigurationPlatforms) = preSolution
		Debug|Any CPU = Debug|Any CPU
		Release|Any CPU = Release|Any CPU
	EndGlobalSection
	GlobalSection(ProjectConfigurationPlatforms) = postSolution
		{0A60BE1A-A0B5-4CCA-AA27-961A1583BE9F}.Debug|Any CPU.ActiveCfg = Debug|Any CPU
		{0A60BE1A-A0B5-4CCA-AA27-961A1583BE9F}.Debug|Any CPU.Build.0 = Debug|Any CPU
		{0A60BE1A-A0B5-4CCA-AA27-961A1583BE9F}.Release|Any CPU.ActiveCfg = Release|Any CPU
		{0A60BE1A-A0B5-4CCA-AA27-961A1583BE9F}.Release|Any CPU.Build.0 = Release|Any CPU
		{60A2D6A6-C6DC-4522-B1F2-8B4AF3DCBA1B}.Debug|Any CPU.ActiveCfg = Debug|Any CPU
		{60A2D6A6-C6DC-4522-B1F2-8B4AF3DCBA1B}.Debug|Any CPU.Build.0 = Debug|Any CPU
		{60A2D6A6-C6DC-4522-B1F2-8B4AF3DCBA1B}.Release|Any CPU.ActiveCfg = Release|Any CPU
		{60A2D6A6-C6DC-4522-B1F2-8B4AF3DCBA1B}.Release|Any CPU.Build.0 = Release|Any CPU
		{EB7B3F96-4566-4FF8-BCA3-C6006121160C}.Debug|Any CPU.ActiveCfg = Debug|Any CPU
		{EB7B3F96-4566-4FF8-BCA3-C6006121160C}.Debug|Any CPU.Build.0 = Debug|Any CPU
		{EB7B3F96-4566-4FF8-BCA3-C6006121160C}.Release|Any CPU.ActiveCfg = Release|Any CPU
		{EB7B3F96-4566-4FF8-BCA3-C6006121160C}.Release|Any CPU.Build.0 = Release|Any CPU
		{FD7634AD-126E-45E0-A4B7-DCA1C428B70D}.Debug|Any CPU.ActiveCfg = Debug|Any CPU
		{FD7634AD-126E-45E0-A4B7-DCA1C428B70D}.Debug|Any CPU.Build.0 = Debug|Any CPU
		{FD7634AD-126E-45E0-A4B7-DCA1C428B70D}.Release|Any CPU.ActiveCfg = Release|Any CPU
		{FD7634AD-126E-45E0-A4B7-DCA1C428B70D}.Release|Any CPU.Build.0 = Release|Any CPU
		{A733B6CC-0119-42A1-B5A7-95C5E168CCB7}.Debug|Any CPU.ActiveCfg = Debug|Any CPU
		{A733B6CC-0119-42A1-B5A7-95C5E168CCB7}.Debug|Any CPU.Build.0 = Debug|Any CPU
		{A733B6CC-0119-42A1-B5A7-95C5E168CCB7}.Release|Any CPU.ActiveCfg = Release|Any CPU
		{A733B6CC-0119-42A1-B5A7-95C5E168CCB7}.Release|Any CPU.Build.0 = Release|Any CPU
	EndGlobalSection
	GlobalSection(SolutionProperties) = preSolution
		HideSolutionNode = FALSE
	EndGlobalSection
	GlobalSection(ExtensibilityGlobals) = postSolution
		SolutionGuid = {5D5FB4FE-9E20-47FA-9835-CD130D437F25}
	EndGlobalSection
EndGlobal
